// !$*UTF8*$!
{
	archiveVersion = 1;
	classes = {
	};
	objectVersion = 77;
	objects = {

/* Begin PBXBuildFile section */
		5C20CDAC2D76E415008139BE /* Preview Assets.xcassets in Resources */ = {isa = PBXBuildFile; fileRef = 5C20CDA62D76E415008139BE /* Preview Assets.xcassets */; };
		5C20CDAD2D76E415008139BE /* Assets.xcassets in Resources */ = {isa = PBXBuildFile; fileRef = 5C20CDA82D76E415008139BE /* Assets.xcassets */; };
		5C20CDAF2D76E415008139BE /* MainApp.swift in Sources */ = {isa = PBXBuildFile; fileRef = 5C20CDAA2D76E415008139BE /* MainApp.swift */; };
		5C20CDB32D76E60A008139BE /* HomePage.swift in Sources */ = {isa = PBXBuildFile; fileRef = 5C20CDB22D76E60A008139BE /* HomePage.swift */; };
		5C20CDB52D76E7C0008139BE /* URL + Helpers.swift in Sources */ = {isa = PBXBuildFile; fileRef = 5C20CDB42D76E7C0008139BE /* URL + Helpers.swift */; };
		5C20CDB72D76EB17008139BE /* Constants.swift in Sources */ = {isa = PBXBuildFile; fileRef = 5C20CDB62D76EB17008139BE /* Constants.swift */; };
		5C20CDBA2D76F2C4008139BE /* HomeListCell.swift in Sources */ = {isa = PBXBuildFile; fileRef = 5C20CDB92D76F2C4008139BE /* HomeListCell.swift */; };
		5C20CDBC2D76F366008139BE /* AdaptiveHomeNavigationLayout.swift in Sources */ = {isa = PBXBuildFile; fileRef = 5C20CDBB2D76F366008139BE /* AdaptiveHomeNavigationLayout.swift */; };
		5C20CDC02D76F669008139BE /* DetailsPage.swift in Sources */ = {isa = PBXBuildFile; fileRef = 5C20CDBF2D76F669008139BE /* DetailsPage.swift */; };
		5C20CDC32D76FA34008139BE /* Tour.swift in Sources */ = {isa = PBXBuildFile; fileRef = 5C20CDC22D76FA34008139BE /* Tour.swift */; };
		5C20CDC52D76FA7A008139BE /* TourDetails.swift in Sources */ = {isa = PBXBuildFile; fileRef = 5C20CDC42D76FA7A008139BE /* TourDetails.swift */; };
		5C20CDC72D76FB85008139BE /* AppStateStore.swift in Sources */ = {isa = PBXBuildFile; fileRef = 5C20CDC62D76FB85008139BE /* AppStateStore.swift */; };
		5C20CDCB2D76FCE1008139BE /* AppState.swift in Sources */ = {isa = PBXBuildFile; fileRef = 5C20CDCA2D76FCE1008139BE /* AppState.swift */; };
		5C20CDCD2D76FDA9008139BE /* CompositionRoot.swift in Sources */ = {isa = PBXBuildFile; fileRef = 5C20CDCC2D76FDA9008139BE /* CompositionRoot.swift */; };
		5C20CDCF2D7701D5008139BE /* AppLoadingScreen.swift in Sources */ = {isa = PBXBuildFile; fileRef = 5C20CDCE2D7701D5008139BE /* AppLoadingScreen.swift */; };
		5C20CDD12D77028C008139BE /* MainPagesCreator.swift in Sources */ = {isa = PBXBuildFile; fileRef = 5C20CDD02D77028C008139BE /* MainPagesCreator.swift */; };
/* End PBXBuildFile section */

/* Begin PBXFileReference section */
		5C20CD952D76E3FC008139BE /* Imaginary.app */ = {isa = PBXFileReference; explicitFileType = wrapper.application; includeInIndex = 0; path = Imaginary.app; sourceTree = BUILT_PRODUCTS_DIR; };
		5C20CDA62D76E415008139BE /* Preview Assets.xcassets */ = {isa = PBXFileReference; lastKnownFileType = folder.assetcatalog; path = "Preview Assets.xcassets"; sourceTree = "<group>"; };
		5C20CDA82D76E415008139BE /* Assets.xcassets */ = {isa = PBXFileReference; lastKnownFileType = folder.assetcatalog; path = Assets.xcassets; sourceTree = "<group>"; };
		5C20CDAA2D76E415008139BE /* MainApp.swift */ = {isa = PBXFileReference; lastKnownFileType = sourcecode.swift; path = MainApp.swift; sourceTree = "<group>"; };
		5C20CDB22D76E60A008139BE /* HomePage.swift */ = {isa = PBXFileReference; lastKnownFileType = sourcecode.swift; path = HomePage.swift; sourceTree = "<group>"; };
		5C20CDB42D76E7C0008139BE /* URL + Helpers.swift */ = {isa = PBXFileReference; lastKnownFileType = sourcecode.swift; path = "URL + Helpers.swift"; sourceTree = "<group>"; };
		5C20CDB62D76EB17008139BE /* Constants.swift */ = {isa = PBXFileReference; lastKnownFileType = sourcecode.swift; path = Constants.swift; sourceTree = "<group>"; };
		5C20CDB92D76F2C4008139BE /* HomeListCell.swift */ = {isa = PBXFileReference; lastKnownFileType = sourcecode.swift; path = HomeListCell.swift; sourceTree = "<group>"; };
		5C20CDBB2D76F366008139BE /* AdaptiveHomeNavigationLayout.swift */ = {isa = PBXFileReference; lastKnownFileType = sourcecode.swift; path = AdaptiveHomeNavigationLayout.swift; sourceTree = "<group>"; };
		5C20CDBF2D76F669008139BE /* DetailsPage.swift */ = {isa = PBXFileReference; lastKnownFileType = sourcecode.swift; path = DetailsPage.swift; sourceTree = "<group>"; };
		5C20CDC22D76FA34008139BE /* Tour.swift */ = {isa = PBXFileReference; lastKnownFileType = sourcecode.swift; path = Tour.swift; sourceTree = "<group>"; };
		5C20CDC42D76FA7A008139BE /* TourDetails.swift */ = {isa = PBXFileReference; lastKnownFileType = sourcecode.swift; path = TourDetails.swift; sourceTree = "<group>"; };
		5C20CDC62D76FB85008139BE /* AppStateStore.swift */ = {isa = PBXFileReference; lastKnownFileType = sourcecode.swift; path = AppStateStore.swift; sourceTree = "<group>"; };
		5C20CDCA2D76FCE1008139BE /* AppState.swift */ = {isa = PBXFileReference; lastKnownFileType = sourcecode.swift; path = AppState.swift; sourceTree = "<group>"; };
		5C20CDCC2D76FDA9008139BE /* CompositionRoot.swift */ = {isa = PBXFileReference; lastKnownFileType = sourcecode.swift; path = CompositionRoot.swift; sourceTree = "<group>"; };
		5C20CDCE2D7701D5008139BE /* AppLoadingScreen.swift */ = {isa = PBXFileReference; lastKnownFileType = sourcecode.swift; path = AppLoadingScreen.swift; sourceTree = "<group>"; };
		5C20CDD02D77028C008139BE /* MainPagesCreator.swift */ = {isa = PBXFileReference; lastKnownFileType = sourcecode.swift; path = MainPagesCreator.swift; sourceTree = "<group>"; };
/* End PBXFileReference section */

/* Begin PBXFrameworksBuildPhase section */
		5C20CD922D76E3FC008139BE /* Frameworks */ = {
			isa = PBXFrameworksBuildPhase;
			buildActionMask = 2147483647;
			files = (
			);
			runOnlyForDeploymentPostprocessing = 0;
		};
/* End PBXFrameworksBuildPhase section */

/* Begin PBXGroup section */
		5C20CD8C2D76E3FC008139BE = {
			isa = PBXGroup;
			children = (
				5C20CDAB2D76E415008139BE /* Imaginary */,
				5C20CD962D76E3FC008139BE /* Products */,
			);
			sourceTree = "<group>";
		};
		5C20CD962D76E3FC008139BE /* Products */ = {
			isa = PBXGroup;
			children = (
				5C20CD952D76E3FC008139BE /* Imaginary.app */,
			);
			name = Products;
			sourceTree = "<group>";
		};
		5C20CDA72D76E415008139BE /* Preview Content */ = {
			isa = PBXGroup;
			children = (
				5C20CDA62D76E415008139BE /* Preview Assets.xcassets */,
			);
			path = "Preview Content";
			sourceTree = "<group>";
		};
		5C20CDAB2D76E415008139BE /* Imaginary */ = {
			isa = PBXGroup;
			children = (
				5C20CDA72D76E415008139BE /* Preview Content */,
				5C20CDAA2D76E415008139BE /* MainApp.swift */,
				5C20CDCE2D7701D5008139BE /* AppLoadingScreen.swift */,
				5C20CDB62D76EB17008139BE /* Constants.swift */,
				5C20CDCC2D76FDA9008139BE /* CompositionRoot.swift */,
				5C20CDD02D77028C008139BE /* MainPagesCreator.swift */,
				5C20CDC62D76FB85008139BE /* AppStateStore.swift */,
				5C20CDCA2D76FCE1008139BE /* AppState.swift */,
				5C20CDC12D76FA1F008139BE /* DomainModels */,
				5C20CDB82D76F2B3008139BE /* UI */,
				5C20CDB42D76E7C0008139BE /* URL + Helpers.swift */,
				5C20CDA82D76E415008139BE /* Assets.xcassets */,
			);
			path = Imaginary;
			sourceTree = "<group>";
		};
		5C20CDB82D76F2B3008139BE /* UI */ = {
			isa = PBXGroup;
			children = (
				5C20CDBB2D76F366008139BE /* AdaptiveHomeNavigationLayout.swift */,
				5C20CDB22D76E60A008139BE /* HomePage.swift */,
				5C20CDB92D76F2C4008139BE /* HomeListCell.swift */,
				5C20CDBF2D76F669008139BE /* DetailsPage.swift */,
			);
			path = UI;
			sourceTree = "<group>";
		};
		5C20CDC12D76FA1F008139BE /* DomainModels */ = {
			isa = PBXGroup;
			children = (
				5C20CDC22D76FA34008139BE /* Tour.swift */,
				5C20CDC42D76FA7A008139BE /* TourDetails.swift */,
			);
			path = DomainModels;
			sourceTree = "<group>";
		};
/* End PBXGroup section */

/* Begin PBXNativeTarget section */
		5C20CD942D76E3FC008139BE /* Imaginary */ = {
			isa = PBXNativeTarget;
			buildConfigurationList = 5C20CDA32D76E3FF008139BE /* Build configuration list for PBXNativeTarget "Imaginary" */;
			buildPhases = (
				5C20CD912D76E3FC008139BE /* Sources */,
				5C20CD922D76E3FC008139BE /* Frameworks */,
				5C20CD932D76E3FC008139BE /* Resources */,
			);
			buildRules = (
			);
			dependencies = (
			);
			name = Imaginary;
			packageProductDependencies = (
			);
			productName = Imaginary;
			productReference = 5C20CD952D76E3FC008139BE /* Imaginary.app */;
			productType = "com.apple.product-type.application";
		};
/* End PBXNativeTarget section */

/* Begin PBXProject section */
		5C20CD8D2D76E3FC008139BE /* Project object */ = {
			isa = PBXProject;
			attributes = {
				BuildIndependentTargetsInParallel = 1;
				LastSwiftUpdateCheck = 1600;
				LastUpgradeCheck = 1600;
				TargetAttributes = {
					5C20CD942D76E3FC008139BE = {
						CreatedOnToolsVersion = 16.0;
					};
				};
			};
			buildConfigurationList = 5C20CD902D76E3FC008139BE /* Build configuration list for PBXProject "Imaginary" */;
			developmentRegion = en;
			hasScannedForEncodings = 0;
			knownRegions = (
				en,
				Base,
			);
			mainGroup = 5C20CD8C2D76E3FC008139BE;
			minimizedProjectReferenceProxies = 1;
			preferredProjectObjectVersion = 77;
			productRefGroup = 5C20CD962D76E3FC008139BE /* Products */;
			projectDirPath = "";
			projectRoot = "";
			targets = (
				5C20CD942D76E3FC008139BE /* Imaginary */,
			);
		};
/* End PBXProject section */

/* Begin PBXResourcesBuildPhase section */
		5C20CD932D76E3FC008139BE /* Resources */ = {
			isa = PBXResourcesBuildPhase;
			buildActionMask = 2147483647;
			files = (
				5C20CDAC2D76E415008139BE /* Preview Assets.xcassets in Resources */,
				5C20CDAD2D76E415008139BE /* Assets.xcassets in Resources */,
			);
			runOnlyForDeploymentPostprocessing = 0;
		};
/* End PBXResourcesBuildPhase section */

/* Begin PBXSourcesBuildPhase section */
		5C20CD912D76E3FC008139BE /* Sources */ = {
			isa = PBXSourcesBuildPhase;
			buildActionMask = 2147483647;
			files = (
				5C20CDB72D76EB17008139BE /* Constants.swift in Sources */,
				5C20CDC52D76FA7A008139BE /* TourDetails.swift in Sources */,
				5C20CDCB2D76FCE1008139BE /* AppState.swift in Sources */,
				5C20CDBC2D76F366008139BE /* AdaptiveHomeNavigationLayout.swift in Sources */,
				5C20CDC72D76FB85008139BE /* AppStateStore.swift in Sources */,
				5C20CDC02D76F669008139BE /* DetailsPage.swift in Sources */,
				5C20CDBA2D76F2C4008139BE /* HomeListCell.swift in Sources */,
				5C20CDB32D76E60A008139BE /* HomePage.swift in Sources */,
				5C20CDCF2D7701D5008139BE /* AppLoadingScreen.swift in Sources */,
				5C20CDC32D76FA34008139BE /* Tour.swift in Sources */,
				5C20CDAF2D76E415008139BE /* MainApp.swift in Sources */,
				5C20CDCD2D76FDA9008139BE /* CompositionRoot.swift in Sources */,
				5C20CDD12D77028C008139BE /* MainPagesCreator.swift in Sources */,
				5C20CDB52D76E7C0008139BE /* URL + Helpers.swift in Sources */,
			);
			runOnlyForDeploymentPostprocessing = 0;
		};
/* End PBXSourcesBuildPhase section */

/* Begin XCBuildConfiguration section */
		5C20CDA12D76E3FF008139BE /* Debug */ = {
			isa = XCBuildConfiguration;
			buildSettings = {
				ALWAYS_SEARCH_USER_PATHS = NO;
				ASSETCATALOG_COMPILER_GENERATE_SWIFT_ASSET_SYMBOL_EXTENSIONS = YES;
				CLANG_ANALYZER_NONNULL = YES;
				CLANG_ANALYZER_NUMBER_OBJECT_CONVERSION = YES_AGGRESSIVE;
				CLANG_CXX_LANGUAGE_STANDARD = "gnu++20";
				CLANG_ENABLE_MODULES = YES;
				CLANG_ENABLE_OBJC_ARC = YES;
				CLANG_ENABLE_OBJC_WEAK = YES;
				CLANG_WARN_BLOCK_CAPTURE_AUTORELEASING = YES;
				CLANG_WARN_BOOL_CONVERSION = YES;
				CLANG_WARN_COMMA = YES;
				CLANG_WARN_CONSTANT_CONVERSION = YES;
				CLANG_WARN_DEPRECATED_OBJC_IMPLEMENTATIONS = YES;
				CLANG_WARN_DIRECT_OBJC_ISA_USAGE = YES_ERROR;
				CLANG_WARN_DOCUMENTATION_COMMENTS = YES;
				CLANG_WARN_EMPTY_BODY = YES;
				CLANG_WARN_ENUM_CONVERSION = YES;
				CLANG_WARN_INFINITE_RECURSION = YES;
				CLANG_WARN_INT_CONVERSION = YES;
				CLANG_WARN_NON_LITERAL_NULL_CONVERSION = YES;
				CLANG_WARN_OBJC_IMPLICIT_RETAIN_SELF = YES;
				CLANG_WARN_OBJC_LITERAL_CONVERSION = YES;
				CLANG_WARN_OBJC_ROOT_CLASS = YES_ERROR;
				CLANG_WARN_QUOTED_INCLUDE_IN_FRAMEWORK_HEADER = YES;
				CLANG_WARN_RANGE_LOOP_ANALYSIS = YES;
				CLANG_WARN_STRICT_PROTOTYPES = YES;
				CLANG_WARN_SUSPICIOUS_MOVE = YES;
				CLANG_WARN_UNGUARDED_AVAILABILITY = YES_AGGRESSIVE;
				CLANG_WARN_UNREACHABLE_CODE = YES;
				CLANG_WARN__DUPLICATE_METHOD_MATCH = YES;
				COPY_PHASE_STRIP = NO;
				DEBUG_INFORMATION_FORMAT = dwarf;
				ENABLE_STRICT_OBJC_MSGSEND = YES;
				ENABLE_TESTABILITY = YES;
				ENABLE_USER_SCRIPT_SANDBOXING = YES;
				GCC_C_LANGUAGE_STANDARD = gnu17;
				GCC_DYNAMIC_NO_PIC = NO;
				GCC_NO_COMMON_BLOCKS = YES;
				GCC_OPTIMIZATION_LEVEL = 0;
				GCC_PREPROCESSOR_DEFINITIONS = (
					"DEBUG=1",
					"$(inherited)",
				);
				GCC_WARN_64_TO_32_BIT_CONVERSION = YES;
				GCC_WARN_ABOUT_RETURN_TYPE = YES_ERROR;
				GCC_WARN_UNDECLARED_SELECTOR = YES;
				GCC_WARN_UNINITIALIZED_AUTOS = YES_AGGRESSIVE;
				GCC_WARN_UNUSED_FUNCTION = YES;
				GCC_WARN_UNUSED_VARIABLE = YES;
				IPHONEOS_DEPLOYMENT_TARGET = 18.0;
				LOCALIZATION_PREFERS_STRING_CATALOGS = YES;
				MTL_ENABLE_DEBUG_INFO = INCLUDE_SOURCE;
				MTL_FAST_MATH = YES;
				ONLY_ACTIVE_ARCH = YES;
				SDKROOT = iphoneos;
				SWIFT_ACTIVE_COMPILATION_CONDITIONS = "DEBUG $(inherited)";
				SWIFT_OPTIMIZATION_LEVEL = "-Onone";
			};
			name = Debug;
		};
		5C20CDA22D76E3FF008139BE /* Release */ = {
			isa = XCBuildConfiguration;
			buildSettings = {
				ALWAYS_SEARCH_USER_PATHS = NO;
				ASSETCATALOG_COMPILER_GENERATE_SWIFT_ASSET_SYMBOL_EXTENSIONS = YES;
				CLANG_ANALYZER_NONNULL = YES;
				CLANG_ANALYZER_NUMBER_OBJECT_CONVERSION = YES_AGGRESSIVE;
				CLANG_CXX_LANGUAGE_STANDARD = "gnu++20";
				CLANG_ENABLE_MODULES = YES;
				CLANG_ENABLE_OBJC_ARC = YES;
				CLANG_ENABLE_OBJC_WEAK = YES;
				CLANG_WARN_BLOCK_CAPTURE_AUTORELEASING = YES;
				CLANG_WARN_BOOL_CONVERSION = YES;
				CLANG_WARN_COMMA = YES;
				CLANG_WARN_CONSTANT_CONVERSION = YES;
				CLANG_WARN_DEPRECATED_OBJC_IMPLEMENTATIONS = YES;
				CLANG_WARN_DIRECT_OBJC_ISA_USAGE = YES_ERROR;
				CLANG_WARN_DOCUMENTATION_COMMENTS = YES;
				CLANG_WARN_EMPTY_BODY = YES;
				CLANG_WARN_ENUM_CONVERSION = YES;
				CLANG_WARN_INFINITE_RECURSION = YES;
				CLANG_WARN_INT_CONVERSION = YES;
				CLANG_WARN_NON_LITERAL_NULL_CONVERSION = YES;
				CLANG_WARN_OBJC_IMPLICIT_RETAIN_SELF = YES;
				CLANG_WARN_OBJC_LITERAL_CONVERSION = YES;
				CLANG_WARN_OBJC_ROOT_CLASS = YES_ERROR;
				CLANG_WARN_QUOTED_INCLUDE_IN_FRAMEWORK_HEADER = YES;
				CLANG_WARN_RANGE_LOOP_ANALYSIS = YES;
				CLANG_WARN_STRICT_PROTOTYPES = YES;
				CLANG_WARN_SUSPICIOUS_MOVE = YES;
				CLANG_WARN_UNGUARDED_AVAILABILITY = YES_AGGRESSIVE;
				CLANG_WARN_UNREACHABLE_CODE = YES;
				CLANG_WARN__DUPLICATE_METHOD_MATCH = YES;
				COPY_PHASE_STRIP = NO;
				DEBUG_INFORMATION_FORMAT = "dwarf-with-dsym";
				ENABLE_NS_ASSERTIONS = NO;
				ENABLE_STRICT_OBJC_MSGSEND = YES;
				ENABLE_USER_SCRIPT_SANDBOXING = YES;
				GCC_C_LANGUAGE_STANDARD = gnu17;
				GCC_NO_COMMON_BLOCKS = YES;
				GCC_WARN_64_TO_32_BIT_CONVERSION = YES;
				GCC_WARN_ABOUT_RETURN_TYPE = YES_ERROR;
				GCC_WARN_UNDECLARED_SELECTOR = YES;
				GCC_WARN_UNINITIALIZED_AUTOS = YES_AGGRESSIVE;
				GCC_WARN_UNUSED_FUNCTION = YES;
				GCC_WARN_UNUSED_VARIABLE = YES;
				IPHONEOS_DEPLOYMENT_TARGET = 18.0;
				LOCALIZATION_PREFERS_STRING_CATALOGS = YES;
				MTL_ENABLE_DEBUG_INFO = NO;
				MTL_FAST_MATH = YES;
				SDKROOT = iphoneos;
				SWIFT_COMPILATION_MODE = wholemodule;
				VALIDATE_PRODUCT = YES;
			};
			name = Release;
		};
		5C20CDA42D76E3FF008139BE /* Debug */ = {
			isa = XCBuildConfiguration;
			buildSettings = {
				ASSETCATALOG_COMPILER_APPICON_NAME = AppIcon;
				ASSETCATALOG_COMPILER_GLOBAL_ACCENT_COLOR_NAME = AccentColor;
				CODE_SIGN_STYLE = Automatic;
				CURRENT_PROJECT_VERSION = 1;
				DEVELOPMENT_ASSET_PATHS = "\"Imaginary/Preview Content\"";
				DEVELOPMENT_TEAM = 6UQWDYBD55;
				ENABLE_PREVIEWS = YES;
				GENERATE_INFOPLIST_FILE = YES;
				INFOPLIST_KEY_UIApplicationSceneManifest_Generation = YES;
				INFOPLIST_KEY_UIApplicationSupportsIndirectInputEvents = YES;
				INFOPLIST_KEY_UILaunchScreen_Generation = YES;
				INFOPLIST_KEY_UISupportedInterfaceOrientations_iPad = "UIInterfaceOrientationPortrait UIInterfaceOrientationPortraitUpsideDown UIInterfaceOrientationLandscapeLeft UIInterfaceOrientationLandscapeRight";
				INFOPLIST_KEY_UISupportedInterfaceOrientations_iPhone = "UIInterfaceOrientationPortrait UIInterfaceOrientationLandscapeLeft UIInterfaceOrientationLandscapeRight";
				IPHONEOS_DEPLOYMENT_TARGET = 16.0;
				LD_RUNPATH_SEARCH_PATHS = (
					"$(inherited)",
					"@executable_path/Frameworks",
				);
				MARKETING_VERSION = 1.0;
				PRODUCT_BUNDLE_IDENTIFIER = com.hainka.imaginary.Imaginary;
				PRODUCT_NAME = "$(TARGET_NAME)";
				SWIFT_EMIT_LOC_STRINGS = YES;
				SWIFT_VERSION = 5.0;
				TARGETED_DEVICE_FAMILY = "1,2";
			};
			name = Debug;
		};
		5C20CDA52D76E3FF008139BE /* Release */ = {
			isa = XCBuildConfiguration;
			buildSettings = {
				ASSETCATALOG_COMPILER_APPICON_NAME = AppIcon;
				ASSETCATALOG_COMPILER_GLOBAL_ACCENT_COLOR_NAME = AccentColor;
				CODE_SIGN_STYLE = Automatic;
				CURRENT_PROJECT_VERSION = 1;
				DEVELOPMENT_ASSET_PATHS = "\"Imaginary/Preview Content\"";
				DEVELOPMENT_TEAM = 6UQWDYBD55;
				ENABLE_PREVIEWS = YES;
				GENERATE_INFOPLIST_FILE = YES;
				INFOPLIST_KEY_UIApplicationSceneManifest_Generation = YES;
				INFOPLIST_KEY_UIApplicationSupportsIndirectInputEvents = YES;
				INFOPLIST_KEY_UILaunchScreen_Generation = YES;
				INFOPLIST_KEY_UISupportedInterfaceOrientations_iPad = "UIInterfaceOrientationPortrait UIInterfaceOrientationPortraitUpsideDown UIInterfaceOrientationLandscapeLeft UIInterfaceOrientationLandscapeRight";
				INFOPLIST_KEY_UISupportedInterfaceOrientations_iPhone = "UIInterfaceOrientationPortrait UIInterfaceOrientationLandscapeLeft UIInterfaceOrientationLandscapeRight";
				IPHONEOS_DEPLOYMENT_TARGET = 16.0;
				LD_RUNPATH_SEARCH_PATHS = (
					"$(inherited)",
					"@executable_path/Frameworks",
				);
				MARKETING_VERSION = 1.0;
				PRODUCT_BUNDLE_IDENTIFIER = com.hainka.imaginary.Imaginary;
				PRODUCT_NAME = "$(TARGET_NAME)";
				SWIFT_EMIT_LOC_STRINGS = YES;
				SWIFT_VERSION = 5.0;
				TARGETED_DEVICE_FAMILY = "1,2";
			};
			name = Release;
		};
/* End XCBuildConfiguration section */

/* Begin XCConfigurationList section */
		5C20CD902D76E3FC008139BE /* Build configuration list for PBXProject "Imaginary" */ = {
			isa = XCConfigurationList;
			buildConfigurations = (
				5C20CDA12D76E3FF008139BE /* Debug */,
				5C20CDA22D76E3FF008139BE /* Release */,
			);
			defaultConfigurationIsVisible = 0;
			defaultConfigurationName = Release;
		};
		5C20CDA32D76E3FF008139BE /* Build configuration list for PBXNativeTarget "Imaginary" */ = {
			isa = XCConfigurationList;
			buildConfigurations = (
				5C20CDA42D76E3FF008139BE /* Debug */,
				5C20CDA52D76E3FF008139BE /* Release */,
			);
			defaultConfigurationIsVisible = 0;
			defaultConfigurationName = Release;
		};
/* End XCConfigurationList section */
	};
	rootObject = 5C20CD8D2D76E3FC008139BE /* Project object */;
}
